<?xml version="1.0" encoding="utf-8"?>
<Project ToolsVersion="4.0" xmlns="http://schemas.microsoft.com/developer/msbuild/2003">
  <ItemGroup>
    <Filter Include="源文件">
      <UniqueIdentifier>{4FC737F1-C7A5-4376-A066-2A32D752A2FF}</UniqueIdentifier>
      <Extensions>cpp;c;cc;cxx;def;odl;idl;hpj;bat;asm;asmx</Extensions>
    </Filter>
    <Filter Include="头文件">
      <UniqueIdentifier>{93995380-89BD-4b04-88EB-625FBE52EBFB}</UniqueIdentifier>
      <Extensions>h;hh;hpp;hxx;hm;inl;inc;ipp;xsd</Extensions>
    </Filter>
    <Filter Include="资源文件">
      <UniqueIdentifier>{67DA6AB6-F800-4c08-8B7A-83BB121AAD01}</UniqueIdentifier>
      <Extensions>rc;ico;cur;bmp;dlg;rc2;rct;bin;rgs;gif;jpg;jpeg;jpe;resx;tiff;tif;png;wav;mfcribbon-ms</Extensions>
    </Filter>
    <Filter Include="源文件\cppprimerplus10-13">
      <UniqueIdentifier>{05ae7fc4-734c-48f0-b5da-9fb22fc7ed7c}</UniqueIdentifier>
    </Filter>
    <Filter Include="源文件\cppprimerplus14">
      <UniqueIdentifier>{39f88af9-a154-461a-825f-aa22befca5c1}</UniqueIdentifier>
    </Filter>
    <Filter Include="头文件\cppprimerplus14">
      <UniqueIdentifier>{f19d3f77-d770-4b6f-93c8-ddeaaf48e89c}</UniqueIdentifier>
    </Filter>
    <Filter Include="头文件\cppprimerplus10-13">
      <UniqueIdentifier>{13824455-24d8-455d-a733-debb533e9f34}</UniqueIdentifier>
    </Filter>
  </ItemGroup>
  <ItemGroup>
    <ClInclude Include="resource.h">
      <Filter>头文件</Filter>
    </ClInclude>
    <ClInclude Include="Cd.h">
      <Filter>头文件\cppprimerplus10-13</Filter>
    </ClInclude>
    <ClInclude Include="Cow.h">
      <Filter>头文件\cppprimerplus10-13</Filter>
    </ClInclude>
    <ClInclude Include="DMA.h">
      <Filter>头文件\cppprimerplus10-13</Filter>
    </ClInclude>
    <ClInclude Include="Golf.h">
      <Filter>头文件\cppprimerplus10-13</Filter>
    </ClInclude>
    <ClInclude Include="mComplex.h">
      <Filter>头文件\cppprimerplus10-13</Filter>
    </ClInclude>
    <ClInclude Include="mList.h">
      <Filter>头文件\cppprimerplus10-13</Filter>
    </ClInclude>
    <ClInclude Include="Move.h">
      <Filter>头文件\cppprimerplus10-13</Filter>
    </ClInclude>
    <ClInclude Include="mStack.h">
      <Filter>头文件\cppprimerplus10-13</Filter>
    </ClInclude>
    <ClInclude Include="mStack2.h">
      <Filter>头文件\cppprimerplus10-13</Filter>
    </ClInclude>
    <ClInclude Include="mStock.h">
      <Filter>头文件\cppprimerplus10-13</Filter>
    </ClInclude>
    <ClInclude Include="mString.h">
      <Filter>头文件\cppprimerplus10-13</Filter>
    </ClInclude>
    <ClInclude Include="mTime.h">
      <Filter>头文件\cppprimerplus10-13</Filter>
    </ClInclude>
    <ClInclude Include="mVector.h">
      <Filter>头文件\cppprimerplus10-13</Filter>
    </ClInclude>
    <ClInclude Include="Person.h">
      <Filter>头文件\cppprimerplus10-13</Filter>
    </ClInclude>
    <ClInclude Include="Plorg.h">
      <Filter>头文件\cppprimerplus10-13</Filter>
    </ClInclude>
    <ClInclude Include="Port.h">
      <Filter>头文件\cppprimerplus10-13</Filter>
    </ClInclude>
    <ClInclude Include="Sales.h">
      <Filter>头文件\cppprimerplus10-13</Filter>
    </ClInclude>
    <ClInclude Include="Stonewt.h">
      <Filter>头文件\cppprimerplus10-13</Filter>
    </ClInclude>
    <ClInclude Include="BandAccount.h">
      <Filter>头文件\cppprimerplus10-13</Filter>
    </ClInclude>
    <ClInclude Include="mPerson.h">
      <Filter>头文件\cppprimerplus14</Filter>
    </ClInclude>
    <ClInclude Include="QueueTp.h">
      <Filter>头文件\cppprimerplus14</Filter>
    </ClInclude>
    <ClInclude Include="Wine.h">
      <Filter>头文件\cppprimerplus14</Filter>
    </ClInclude>
    <ClInclude Include="emp.h">
      <Filter>头文件\cppprimerplus14</Filter>
    </ClInclude>
    <ClInclude Include="tv.h">
      <Filter>头文件</Filter>
    </ClInclude>
  </ItemGroup>
  <ItemGroup>
    <ClCompile Include="Cppprimerplus.cpp">
      <Filter>源文件</Filter>
    </ClCompile>
    <ClCompile Include="global.h">
      <Filter>头文件</Filter>
    </ClCompile>
    <ClCompile Include="Cow.cpp">
      <Filter>源文件\cppprimerplus10-13</Filter>
    </ClCompile>
    <ClCompile Include="BandAccount.cpp">
      <Filter>源文件\cppprimerplus10-13</Filter>
    </ClCompile>
    <ClCompile Include="Cd.cpp">
      <Filter>源文件\cppprimerplus10-13</Filter>
    </ClCompile>
    <ClCompile Include="DMA.cpp">
      <Filter>源文件\cppprimerplus10-13</Filter>
    </ClCompile>
    <ClCompile Include="Golf.cpp">
      <Filter>源文件\cppprimerplus10-13</Filter>
    </ClCompile>
    <ClCompile Include="mComplex.cpp">
      <Filter>源文件\cppprimerplus10-13</Filter>
    </ClCompile>
    <ClCompile Include="mList.cpp">
      <Filter>源文件\cppprimerplus10-13</Filter>
    </ClCompile>
    <ClCompile Include="Move.cpp">
      <Filter>源文件\cppprimerplus10-13</Filter>
    </ClCompile>
    <ClCompile Include="mStack.cpp">
      <Filter>源文件\cppprimerplus10-13</Filter>
    </ClCompile>
    <ClCompile Include="mStack2.cpp">
      <Filter>源文件\cppprimerplus10-13</Filter>
    </ClCompile>
    <ClCompile Include="mStock.cpp">
      <Filter>源文件\cppprimerplus10-13</Filter>
    </ClCompile>
    <ClCompile Include="mString.cpp">
      <Filter>源文件\cppprimerplus10-13</Filter>
    </ClCompile>
    <ClCompile Include="mTime.cpp">
      <Filter>源文件\cppprimerplus10-13</Filter>
    </ClCompile>
    <ClCompile Include="mVector.cpp">
      <Filter>源文件\cppprimerplus10-13</Filter>
    </ClCompile>
    <ClCompile Include="Person.cpp">
      <Filter>源文件\cppprimerplus10-13</Filter>
    </ClCompile>
    <ClCompile Include="Plorg.cpp">
      <Filter>源文件\cppprimerplus10-13</Filter>
    </ClCompile>
    <ClCompile Include="Port.cpp">
      <Filter>源文件\cppprimerplus10-13</Filter>
    </ClCompile>
    <ClCompile Include="Sales.cpp">
      <Filter>源文件\cppprimerplus10-13</Filter>
    </ClCompile>
    <ClCompile Include="Stonewt.cpp">
      <Filter>源文件\cppprimerplus10-13</Filter>
    </ClCompile>
    <ClCompile Include="emp.cpp">
      <Filter>源文件\cppprimerplus14</Filter>
    </ClCompile>
    <ClCompile Include="mPerson.cpp">
      <Filter>源文件\cppprimerplus14</Filter>
    </ClCompile>
    <ClCompile Include="QueueTp.cpp">
      <Filter>源文件\cppprimerplus14</Filter>
    </ClCompile>
    <ClCompile Include="Wine.cpp">
      <Filter>源文件\cppprimerplus14</Filter>
    </ClCompile>
    <ClCompile Include="tv.cpp">
      <Filter>源文件</Filter>
    </ClCompile>
  </ItemGroup>
  <ItemGroup>
    <ResourceCompile Include="Cppprimerplus.rc">
      <Filter>资源文件</Filter>
    </ResourceCompile>
  </ItemGroup>
</Project>